
Microsoft Visual Studio Solution File, Format Version 12.00
# Visual Studio Version 16
VisualStudioVersion = 16.0.28803.156
MinimumVisualStudioVersion = 10.0.40219.1
Project("{FAE04EC0-301F-11D3-BF4B-00C04F79EFBC}") = "Demo_TimeMeasureScope", "Demo_TimeMeasureScope\Demo_TimeMeasureScope.csproj", "{A8179B61-C7DC-4371-BF16-F65E95622088}"
EndProject
Global
	GlobalSection(SolutionConfigurationPlatforms) = preSolution
		Debug|Any CPU = Debug|Any CPU
		Release|Any CPU = Release|Any CPU
	EndGlobalSection
	GlobalSection(ProjectConfigurationPlatforms) = postSolution
		{A8179B61-C7DC-4371-BF16-F65E95622088}.Debug|Any CPU.ActiveCfg = Debug|Any CPU
		{A8179B61-C7DC-4371-BF16-F65E95622088}.Debug|Any CPU.Build.0 = Debug|Any CPU
		{A8179B61-C7DC-4371-BF16-F65E95622088}.Release|Any CPU.ActiveCfg = Release|Any CPU
		{A8179B61-C7DC-4371-BF16-F65E95622088}.Release|Any CPU.Build.0 = Release|Any CPU
	EndGlobalSection
	GlobalSection(SolutionProperties) = preSolution
		HideSolutionNode = FALSE
	EndGlobalSection
	GlobalSection(ExtensibilityGlobals) = postSolution
		SolutionGuid = {614D3515-F267-4612-9943-84140DCB5339}
	EndGlobalSection
EndGlobal
